// !$*UTF8*$!
{
	archiveVersion = 1;
	classes = {
	};
	objectVersion = 55;
	objects = {

/* Begin PBXBuildFile section */
		1502332727FC35CC00704B91 /* MovieListContract.swift in Sources */ = {isa = PBXBuildFile; fileRef = 1502332627FC35CC00704B91 /* MovieListContract.swift */; };
		153EEE3227F722EA00B31E2B /* TitleTableViewCell.swift in Sources */ = {isa = PBXBuildFile; fileRef = 153EEE3127F722EA00B31E2B /* TitleTableViewCell.swift */; };
		153EEE3427F725F400B31E2B /* TitleViewModel.swift in Sources */ = {isa = PBXBuildFile; fileRef = 153EEE3327F725F400B31E2B /* TitleViewModel.swift */; };
		15EAF8BE27F1B2030076084F /* AppDelegate.swift in Sources */ = {isa = PBXBuildFile; fileRef = 15EAF8BD27F1B2030076084F /* AppDelegate.swift */; };
		15EAF8C027F1B2030076084F /* SceneDelegate.swift in Sources */ = {isa = PBXBuildFile; fileRef = 15EAF8BF27F1B2030076084F /* SceneDelegate.swift */; };
		15EAF8C227F1B2030076084F /* MainTabBarViewController.swift in Sources */ = {isa = PBXBuildFile; fileRef = 15EAF8C127F1B2030076084F /* MainTabBarViewController.swift */; };
		15EAF8C527F1B2030076084F /* Main.storyboard in Resources */ = {isa = PBXBuildFile; fileRef = 15EAF8C327F1B2030076084F /* Main.storyboard */; };
		15EAF8C727F1B20C0076084F /* Assets.xcassets in Resources */ = {isa = PBXBuildFile; fileRef = 15EAF8C627F1B20C0076084F /* Assets.xcassets */; };
		15EAF8CA27F1B20C0076084F /* LaunchScreen.storyboard in Resources */ = {isa = PBXBuildFile; fileRef = 15EAF8C827F1B20C0076084F /* LaunchScreen.storyboard */; };
		15EAF8D527F1B20D0076084F /* NetflixTests.swift in Sources */ = {isa = PBXBuildFile; fileRef = 15EAF8D427F1B20D0076084F /* NetflixTests.swift */; };
		15EAF8DF27F1B20D0076084F /* NetflixUITests.swift in Sources */ = {isa = PBXBuildFile; fileRef = 15EAF8DE27F1B20D0076084F /* NetflixUITests.swift */; };
		15EAF8E127F1B20D0076084F /* NetflixUITestsLaunchTests.swift in Sources */ = {isa = PBXBuildFile; fileRef = 15EAF8E027F1B20D0076084F /* NetflixUITestsLaunchTests.swift */; };
		15EAF8EF27F1B3590076084F /* HomeViewController.swift in Sources */ = {isa = PBXBuildFile; fileRef = 15EAF8EE27F1B3590076084F /* HomeViewController.swift */; };
		15EAF8F127F1B3630076084F /* SearchViewController.swift in Sources */ = {isa = PBXBuildFile; fileRef = 15EAF8F027F1B3630076084F /* SearchViewController.swift */; };
		15EAF8F327F1B38A0076084F /* ComingViewController.swift in Sources */ = {isa = PBXBuildFile; fileRef = 15EAF8F227F1B38A0076084F /* ComingViewController.swift */; };
		15EAF8F527F1B3A40076084F /* DownloadsViewController.swift in Sources */ = {isa = PBXBuildFile; fileRef = 15EAF8F427F1B3A40076084F /* DownloadsViewController.swift */; };
		15EAF8FC27F1B8EB0076084F /* CollectionViewTableViewCell.swift in Sources */ = {isa = PBXBuildFile; fileRef = 15EAF8FB27F1B8EB0076084F /* CollectionViewTableViewCell.swift */; };
		15EAF8FE27F1C0460076084F /* HeroHeaderUIview.swift in Sources */ = {isa = PBXBuildFile; fileRef = 15EAF8FD27F1C0460076084F /* HeroHeaderUIview.swift */; };
		15EAF90027F20C940076084F /* APICaller.swift in Sources */ = {isa = PBXBuildFile; fileRef = 15EAF8FF27F20C940076084F /* APICaller.swift */; };
		15EAF90227F212080076084F /* MoviesTitle.swift in Sources */ = {isa = PBXBuildFile; fileRef = 15EAF90127F212080076084F /* MoviesTitle.swift */; };
		15EAF90427F2FFA90076084F /* Extensions.swift in Sources */ = {isa = PBXBuildFile; fileRef = 15EAF90327F2FFA90076084F /* Extensions.swift */; };
		15EAF90C27F314200076084F /* TitleCollectionViewCell.swift in Sources */ = {isa = PBXBuildFile; fileRef = 15EAF90B27F314200076084F /* TitleCollectionViewCell.swift */; };
		20D1C5F9AD6108D90816CF84 /* Pods_Netflix.framework in Frameworks */ = {isa = PBXBuildFile; fileRef = 138A535BE8C1C7377DC4BA23 /* Pods_Netflix.framework */; };
		6A8EFBACE24D28CA2AAE596B /* Pods_NetflixTests.framework in Frameworks */ = {isa = PBXBuildFile; fileRef = F7DF9D0E59F39F11BB11A15D /* Pods_NetflixTests.framework */; };
		7A2C68A193F2ED206BE2CCAE /* Pods_Netflix_NetflixUITests.framework in Frameworks */ = {isa = PBXBuildFile; fileRef = 997D411C3F9B53124A0A4911 /* Pods_Netflix_NetflixUITests.framework */; };
/* End PBXBuildFile section */

/* Begin PBXContainerItemProxy section */
		15EAF8D127F1B20D0076084F /* PBXContainerItemProxy */ = {
			isa = PBXContainerItemProxy;
			containerPortal = 15EAF8B227F1B2030076084F /* Project object */;
			proxyType = 1;
			remoteGlobalIDString = 15EAF8B927F1B2030076084F;
			remoteInfo = Netflix;
		};
		15EAF8DB27F1B20D0076084F /* PBXContainerItemProxy */ = {
			isa = PBXContainerItemProxy;
			containerPortal = 15EAF8B227F1B2030076084F /* Project object */;
			proxyType = 1;
			remoteGlobalIDString = 15EAF8B927F1B2030076084F;
			remoteInfo = Netflix;
		};
/* End PBXContainerItemProxy section */

/* Begin PBXFileReference section */
		138A535BE8C1C7377DC4BA23 /* Pods_Netflix.framework */ = {isa = PBXFileReference; explicitFileType = wrapper.framework; includeInIndex = 0; path = Pods_Netflix.framework; sourceTree = BUILT_PRODUCTS_DIR; };
		1502332627FC35CC00704B91 /* MovieListContract.swift */ = {isa = PBXFileReference; lastKnownFileType = sourcecode.swift; path = MovieListContract.swift; sourceTree = "<group>"; };
		153EEE3127F722EA00B31E2B /* TitleTableViewCell.swift */ = {isa = PBXFileReference; lastKnownFileType = sourcecode.swift; path = TitleTableViewCell.swift; sourceTree = "<group>"; };
		153EEE3327F725F400B31E2B /* TitleViewModel.swift */ = {isa = PBXFileReference; lastKnownFileType = sourcecode.swift; name = TitleViewModel.swift; path = Netflix/Views/TitleViewModel.swift; sourceTree = SOURCE_ROOT; };
		15EAF8BA27F1B2030076084F /* Netflix.app */ = {isa = PBXFileReference; explicitFileType = wrapper.application; includeInIndex = 0; path = Netflix.app; sourceTree = BUILT_PRODUCTS_DIR; };
		15EAF8BD27F1B2030076084F /* AppDelegate.swift */ = {isa = PBXFileReference; lastKnownFileType = sourcecode.swift; path = AppDelegate.swift; sourceTree = "<group>"; };
		15EAF8BF27F1B2030076084F /* SceneDelegate.swift */ = {isa = PBXFileReference; lastKnownFileType = sourcecode.swift; path = SceneDelegate.swift; sourceTree = "<group>"; };
		15EAF8C127F1B2030076084F /* MainTabBarViewController.swift */ = {isa = PBXFileReference; lastKnownFileType = sourcecode.swift; path = MainTabBarViewController.swift; sourceTree = "<group>"; };
		15EAF8C427F1B2030076084F /* Base */ = {isa = PBXFileReference; lastKnownFileType = file.storyboard; name = Base; path = Base.lproj/Main.storyboard; sourceTree = "<group>"; };
		15EAF8C627F1B20C0076084F /* Assets.xcassets */ = {isa = PBXFileReference; lastKnownFileType = folder.assetcatalog; path = Assets.xcassets; sourceTree = "<group>"; };
		15EAF8C927F1B20C0076084F /* Base */ = {isa = PBXFileReference; lastKnownFileType = file.storyboard; name = Base; path = Base.lproj/LaunchScreen.storyboard; sourceTree = "<group>"; };
		15EAF8CB27F1B20C0076084F /* Info.plist */ = {isa = PBXFileReference; lastKnownFileType = text.plist.xml; path = Info.plist; sourceTree = "<group>"; };
		15EAF8D027F1B20D0076084F /* NetflixTests.xctest */ = {isa = PBXFileReference; explicitFileType = wrapper.cfbundle; includeInIndex = 0; path = NetflixTests.xctest; sourceTree = BUILT_PRODUCTS_DIR; };
		15EAF8D427F1B20D0076084F /* NetflixTests.swift */ = {isa = PBXFileReference; lastKnownFileType = sourcecode.swift; path = NetflixTests.swift; sourceTree = "<group>"; };
		15EAF8DA27F1B20D0076084F /* NetflixUITests.xctest */ = {isa = PBXFileReference; explicitFileType = wrapper.cfbundle; includeInIndex = 0; path = NetflixUITests.xctest; sourceTree = BUILT_PRODUCTS_DIR; };
		15EAF8DE27F1B20D0076084F /* NetflixUITests.swift */ = {isa = PBXFileReference; lastKnownFileType = sourcecode.swift; path = NetflixUITests.swift; sourceTree = "<group>"; };
		15EAF8E027F1B20D0076084F /* NetflixUITestsLaunchTests.swift */ = {isa = PBXFileReference; lastKnownFileType = sourcecode.swift; path = NetflixUITestsLaunchTests.swift; sourceTree = "<group>"; };
		15EAF8EE27F1B3590076084F /* HomeViewController.swift */ = {isa = PBXFileReference; lastKnownFileType = sourcecode.swift; path = HomeViewController.swift; sourceTree = "<group>"; };
		15EAF8F027F1B3630076084F /* SearchViewController.swift */ = {isa = PBXFileReference; lastKnownFileType = sourcecode.swift; path = SearchViewController.swift; sourceTree = "<group>"; };
		15EAF8F227F1B38A0076084F /* ComingViewController.swift */ = {isa = PBXFileReference; lastKnownFileType = sourcecode.swift; path = ComingViewController.swift; sourceTree = "<group>"; };
		15EAF8F427F1B3A40076084F /* DownloadsViewController.swift */ = {isa = PBXFileReference; lastKnownFileType = sourcecode.swift; path = DownloadsViewController.swift; sourceTree = "<group>"; };
		15EAF8FB27F1B8EB0076084F /* CollectionViewTableViewCell.swift */ = {isa = PBXFileReference; lastKnownFileType = sourcecode.swift; path = CollectionViewTableViewCell.swift; sourceTree = "<group>"; };
		15EAF8FD27F1C0460076084F /* HeroHeaderUIview.swift */ = {isa = PBXFileReference; lastKnownFileType = sourcecode.swift; path = HeroHeaderUIview.swift; sourceTree = "<group>"; };
		15EAF8FF27F20C940076084F /* APICaller.swift */ = {isa = PBXFileReference; lastKnownFileType = sourcecode.swift; path = APICaller.swift; sourceTree = "<group>"; };
		15EAF90127F212080076084F /* MoviesTitle.swift */ = {isa = PBXFileReference; lastKnownFileType = sourcecode.swift; path = MoviesTitle.swift; sourceTree = "<group>"; };
		15EAF90327F2FFA90076084F /* Extensions.swift */ = {isa = PBXFileReference; lastKnownFileType = sourcecode.swift; path = Extensions.swift; sourceTree = "<group>"; };
		15EAF90B27F314200076084F /* TitleCollectionViewCell.swift */ = {isa = PBXFileReference; lastKnownFileType = sourcecode.swift; path = TitleCollectionViewCell.swift; sourceTree = "<group>"; };
		18653C80A6E717140BB78D7D /* Pods-Netflix.debug.xcconfig */ = {isa = PBXFileReference; includeInIndex = 1; lastKnownFileType = text.xcconfig; name = "Pods-Netflix.debug.xcconfig"; path = "Target Support Files/Pods-Netflix/Pods-Netflix.debug.xcconfig"; sourceTree = "<group>"; };
		1CB997DC058314151E7D8037 /* Pods-Netflix.release.xcconfig */ = {isa = PBXFileReference; includeInIndex = 1; lastKnownFileType = text.xcconfig; name = "Pods-Netflix.release.xcconfig"; path = "Target Support Files/Pods-Netflix/Pods-Netflix.release.xcconfig"; sourceTree = "<group>"; };
		34BBCD92F9024A4C8707CFF1 /* Pods-Netflix-NetflixUITests.debug.xcconfig */ = {isa = PBXFileReference; includeInIndex = 1; lastKnownFileType = text.xcconfig; name = "Pods-Netflix-NetflixUITests.debug.xcconfig"; path = "Target Support Files/Pods-Netflix-NetflixUITests/Pods-Netflix-NetflixUITests.debug.xcconfig"; sourceTree = "<group>"; };
		4968C5908A6E003AB740DA6B /* Pods-NetflixTests.release.xcconfig */ = {isa = PBXFileReference; includeInIndex = 1; lastKnownFileType = text.xcconfig; name = "Pods-NetflixTests.release.xcconfig"; path = "Target Support Files/Pods-NetflixTests/Pods-NetflixTests.release.xcconfig"; sourceTree = "<group>"; };
		997D411C3F9B53124A0A4911 /* Pods_Netflix_NetflixUITests.framework */ = {isa = PBXFileReference; explicitFileType = wrapper.framework; includeInIndex = 0; path = Pods_Netflix_NetflixUITests.framework; sourceTree = BUILT_PRODUCTS_DIR; };
		AB4C6C8C3EEE785BD6821175 /* Pods-Netflix-NetflixUITests.release.xcconfig */ = {isa = PBXFileReference; includeInIndex = 1; lastKnownFileType = text.xcconfig; name = "Pods-Netflix-NetflixUITests.release.xcconfig"; path = "Target Support Files/Pods-Netflix-NetflixUITests/Pods-Netflix-NetflixUITests.release.xcconfig"; sourceTree = "<group>"; };
		E4F9DD97DB9E71DE201E92C2 /* Pods-NetflixTests.debug.xcconfig */ = {isa = PBXFileReference; includeInIndex = 1; lastKnownFileType = text.xcconfig; name = "Pods-NetflixTests.debug.xcconfig"; path = "Target Support Files/Pods-NetflixTests/Pods-NetflixTests.debug.xcconfig"; sourceTree = "<group>"; };
		F7DF9D0E59F39F11BB11A15D /* Pods_NetflixTests.framework */ = {isa = PBXFileReference; explicitFileType = wrapper.framework; includeInIndex = 0; path = Pods_NetflixTests.framework; sourceTree = BUILT_PRODUCTS_DIR; };
/* End PBXFileReference section */

/* Begin PBXFrameworksBuildPhase section */
		15EAF8B727F1B2030076084F /* Frameworks */ = {
			isa = PBXFrameworksBuildPhase;
			buildActionMask = 2147483647;
			files = (
				20D1C5F9AD6108D90816CF84 /* Pods_Netflix.framework in Frameworks */,
			);
			runOnlyForDeploymentPostprocessing = 0;
		};
		15EAF8CD27F1B20D0076084F /* Frameworks */ = {
			isa = PBXFrameworksBuildPhase;
			buildActionMask = 2147483647;
			files = (
				6A8EFBACE24D28CA2AAE596B /* Pods_NetflixTests.framework in Frameworks */,
			);
			runOnlyForDeploymentPostprocessing = 0;
		};
		15EAF8D727F1B20D0076084F /* Frameworks */ = {
			isa = PBXFrameworksBuildPhase;
			buildActionMask = 2147483647;
			files = (
				7A2C68A193F2ED206BE2CCAE /* Pods_Netflix_NetflixUITests.framework in Frameworks */,
			);
			runOnlyForDeploymentPostprocessing = 0;
		};
/* End PBXFrameworksBuildPhase section */

/* Begin PBXGroup section */
		1502332427FC35A100704B91 /* Scenes */ = {
			isa = PBXGroup;
			children = (
				1502332527FC35B900704B91 /* MovieList */,
			);
			path = Scenes;
			sourceTree = "<group>";
		};
		1502332527FC35B900704B91 /* MovieList */ = {
			isa = PBXGroup;
			children = (
				1502332627FC35CC00704B91 /* MovieListContract.swift */,
			);
			path = MovieList;
			sourceTree = "<group>";
		};
		15EAF8B127F1B2030076084F = {
			isa = PBXGroup;
			children = (
				15EAF8BC27F1B2030076084F /* Netflix */,
				15EAF8D327F1B20D0076084F /* NetflixTests */,
				15EAF8DD27F1B20D0076084F /* NetflixUITests */,
				15EAF8BB27F1B2030076084F /* Products */,
				A3E133F0A9BCD9ABF269A8D6 /* Frameworks */,
				BC91FDAAAC72F9FB93BF2028 /* Pods */,
			);
			sourceTree = "<group>";
		};
		15EAF8BB27F1B2030076084F /* Products */ = {
			isa = PBXGroup;
			children = (
				15EAF8BA27F1B2030076084F /* Netflix.app */,
				15EAF8D027F1B20D0076084F /* NetflixTests.xctest */,
				15EAF8DA27F1B20D0076084F /* NetflixUITests.xctest */,
			);
			name = Products;
			sourceTree = "<group>";
		};
		15EAF8BC27F1B2030076084F /* Netflix */ = {
			isa = PBXGroup;
			children = (
				1502332427FC35A100704B91 /* Scenes */,
				15EAF8FA27F1B8AC0076084F /* Managers */,
				15EAF8F927F1B89A0076084F /* Resources */,
				15EAF8F627F1B8640076084F /* Models */,
				15EAF8F827F1B8710076084F /* Views */,
				15EAF8F727F1B86B0076084F /* ViewModels */,
				15EAF8ED27F1B3460076084F /* Controller */,
				15EAF8BD27F1B2030076084F /* AppDelegate.swift */,
				15EAF8BF27F1B2030076084F /* SceneDelegate.swift */,
				15EAF8C127F1B2030076084F /* MainTabBarViewController.swift */,
				15EAF8C327F1B2030076084F /* Main.storyboard */,
				15EAF8C627F1B20C0076084F /* Assets.xcassets */,
				15EAF8C827F1B20C0076084F /* LaunchScreen.storyboard */,
				15EAF8CB27F1B20C0076084F /* Info.plist */,
			);
			path = Netflix;
			sourceTree = "<group>";
		};
		15EAF8D327F1B20D0076084F /* NetflixTests */ = {
			isa = PBXGroup;
			children = (
				15EAF8D427F1B20D0076084F /* NetflixTests.swift */,
			);
			path = NetflixTests;
			sourceTree = "<group>";
		};
		15EAF8DD27F1B20D0076084F /* NetflixUITests */ = {
			isa = PBXGroup;
			children = (
				15EAF8DE27F1B20D0076084F /* NetflixUITests.swift */,
				15EAF8E027F1B20D0076084F /* NetflixUITestsLaunchTests.swift */,
			);
			path = NetflixUITests;
			sourceTree = "<group>";
		};
		15EAF8ED27F1B3460076084F /* Controller */ = {
			isa = PBXGroup;
			children = (
				15EAF8EE27F1B3590076084F /* HomeViewController.swift */,
				15EAF8F027F1B3630076084F /* SearchViewController.swift */,
				15EAF8F227F1B38A0076084F /* ComingViewController.swift */,
				15EAF8F427F1B3A40076084F /* DownloadsViewController.swift */,
			);
			path = Controller;
			sourceTree = "<group>";
		};
		15EAF8F627F1B8640076084F /* Models */ = {
			isa = PBXGroup;
			children = (
				15EAF90127F212080076084F /* MoviesTitle.swift */,
			);
			path = Models;
			sourceTree = "<group>";
		};
		15EAF8F727F1B86B0076084F /* ViewModels */ = {
			isa = PBXGroup;
			children = (
				153EEE3327F725F400B31E2B /* TitleViewModel.swift */,
			);
			path = ViewModels;
			sourceTree = "<group>";
		};
		15EAF8F827F1B8710076084F /* Views */ = {
			isa = PBXGroup;
			children = (
				15EAF8FB27F1B8EB0076084F /* CollectionViewTableViewCell.swift */,
				15EAF8FD27F1C0460076084F /* HeroHeaderUIview.swift */,
				15EAF90B27F314200076084F /* TitleCollectionViewCell.swift */,
				153EEE3127F722EA00B31E2B /* TitleTableViewCell.swift */,
			);
			path = Views;
			sourceTree = "<group>";
		};
		15EAF8F927F1B89A0076084F /* Resources */ = {
			isa = PBXGroup;
			children = (
				15EAF90327F2FFA90076084F /* Extensions.swift */,
			);
			path = Resources;
			sourceTree = "<group>";
		};
		15EAF8FA27F1B8AC0076084F /* Managers */ = {
			isa = PBXGroup;
			children = (
				15EAF8FF27F20C940076084F /* APICaller.swift */,
			);
			path = Managers;
			sourceTree = "<group>";
		};
		A3E133F0A9BCD9ABF269A8D6 /* Frameworks */ = {
			isa = PBXGroup;
			children = (
				138A535BE8C1C7377DC4BA23 /* Pods_Netflix.framework */,
				997D411C3F9B53124A0A4911 /* Pods_Netflix_NetflixUITests.framework */,
				F7DF9D0E59F39F11BB11A15D /* Pods_NetflixTests.framework */,
			);
			name = Frameworks;
			sourceTree = "<group>";
		};
		BC91FDAAAC72F9FB93BF2028 /* Pods */ = {
			isa = PBXGroup;
			children = (
				18653C80A6E717140BB78D7D /* Pods-Netflix.debug.xcconfig */,
				1CB997DC058314151E7D8037 /* Pods-Netflix.release.xcconfig */,
				34BBCD92F9024A4C8707CFF1 /* Pods-Netflix-NetflixUITests.debug.xcconfig */,
				AB4C6C8C3EEE785BD6821175 /* Pods-Netflix-NetflixUITests.release.xcconfig */,
				E4F9DD97DB9E71DE201E92C2 /* Pods-NetflixTests.debug.xcconfig */,
				4968C5908A6E003AB740DA6B /* Pods-NetflixTests.release.xcconfig */,
			);
			path = Pods;
			sourceTree = "<group>";
		};
/* End PBXGroup section */

/* Begin PBXNativeTarget section */
		15EAF8B927F1B2030076084F /* Netflix */ = {
			isa = PBXNativeTarget;
			buildConfigurationList = 15EAF8E427F1B20D0076084F /* Build configuration list for PBXNativeTarget "Netflix" */;
			buildPhases = (
				3050109691D25A19C1666FF6 /* [CP] Check Pods Manifest.lock */,
				15EAF8B627F1B2030076084F /* Sources */,
				15EAF8B727F1B2030076084F /* Frameworks */,
				15EAF8B827F1B2030076084F /* Resources */,
				E0300BC11EDCCEF6358EC26F /* [CP] Embed Pods Frameworks */,
			);
			buildRules = (
			);
			dependencies = (
			);
			name = Netflix;
			productName = Netflix;
			productReference = 15EAF8BA27F1B2030076084F /* Netflix.app */;
			productType = "com.apple.product-type.application";
		};
		15EAF8CF27F1B20D0076084F /* NetflixTests */ = {
			isa = PBXNativeTarget;
			buildConfigurationList = 15EAF8E727F1B20D0076084F /* Build configuration list for PBXNativeTarget "NetflixTests" */;
			buildPhases = (
				43632CA02C33E76157D5D8F3 /* [CP] Check Pods Manifest.lock */,
				15EAF8CC27F1B20D0076084F /* Sources */,
				15EAF8CD27F1B20D0076084F /* Frameworks */,
				15EAF8CE27F1B20D0076084F /* Resources */,
			);
			buildRules = (
			);
			dependencies = (
				15EAF8D227F1B20D0076084F /* PBXTargetDependency */,
			);
			name = NetflixTests;
			productName = NetflixTests;
			productReference = 15EAF8D027F1B20D0076084F /* NetflixTests.xctest */;
			productType = "com.apple.product-type.bundle.unit-test";
		};
		15EAF8D927F1B20D0076084F /* NetflixUITests */ = {
			isa = PBXNativeTarget;
			buildConfigurationList = 15EAF8EA27F1B20D0076084F /* Build configuration list for PBXNativeTarget "NetflixUITests" */;
			buildPhases = (
				A2C6A5487034A957308ED5F7 /* [CP] Check Pods Manifest.lock */,
				15EAF8D627F1B20D0076084F /* Sources */,
				15EAF8D727F1B20D0076084F /* Frameworks */,
				15EAF8D827F1B20D0076084F /* Resources */,
				D0E397B47FC2FC2055BF0E14 /* [CP] Embed Pods Frameworks */,
			);
			buildRules = (
			);
			dependencies = (
				15EAF8DC27F1B20D0076084F /* PBXTargetDependency */,
			);
			name = NetflixUITests;
			productName = NetflixUITests;
			productReference = 15EAF8DA27F1B20D0076084F /* NetflixUITests.xctest */;
			productType = "com.apple.product-type.bundle.ui-testing";
		};
/* End PBXNativeTarget section */

/* Begin PBXProject section */
		15EAF8B227F1B2030076084F /* Project object */ = {
			isa = PBXProject;
			attributes = {
				BuildIndependentTargetsInParallel = 1;
				LastSwiftUpdateCheck = 1330;
				LastUpgradeCheck = 1330;
				TargetAttributes = {
					15EAF8B927F1B2030076084F = {
						CreatedOnToolsVersion = 13.3;
					};
					15EAF8CF27F1B20D0076084F = {
						CreatedOnToolsVersion = 13.3;
						TestTargetID = 15EAF8B927F1B2030076084F;
					};
					15EAF8D927F1B20D0076084F = {
						CreatedOnToolsVersion = 13.3;
						TestTargetID = 15EAF8B927F1B2030076084F;
					};
				};
			};
			buildConfigurationList = 15EAF8B527F1B2030076084F /* Build configuration list for PBXProject "Netflix" */;
			compatibilityVersion = "Xcode 13.0";
			developmentRegion = en;
			hasScannedForEncodings = 0;
			knownRegions = (
				en,
				Base,
			);
			mainGroup = 15EAF8B127F1B2030076084F;
			productRefGroup = 15EAF8BB27F1B2030076084F /* Products */;
			projectDirPath = "";
			projectRoot = "";
			targets = (
				15EAF8B927F1B2030076084F /* Netflix */,
				15EAF8CF27F1B20D0076084F /* NetflixTests */,
				15EAF8D927F1B20D0076084F /* NetflixUITests */,
			);
		};
/* End PBXProject section */

/* Begin PBXResourcesBuildPhase section */
		15EAF8B827F1B2030076084F /* Resources */ = {
			isa = PBXResourcesBuildPhase;
			buildActionMask = 2147483647;
			files = (
				15EAF8CA27F1B20C0076084F /* LaunchScreen.storyboard in Resources */,
				15EAF8C727F1B20C0076084F /* Assets.xcassets in Resources */,
				15EAF8C527F1B2030076084F /* Main.storyboard in Resources */,
			);
			runOnlyForDeploymentPostprocessing = 0;
		};
		15EAF8CE27F1B20D0076084F /* Resources */ = {
			isa = PBXResourcesBuildPhase;
			buildActionMask = 2147483647;
			files = (
			);
			runOnlyForDeploymentPostprocessing = 0;
		};
		15EAF8D827F1B20D0076084F /* Resources */ = {
			isa = PBXResourcesBuildPhase;
			buildActionMask = 2147483647;
			files = (
			);
			runOnlyForDeploymentPostprocessing = 0;
		};
/* End PBXResourcesBuildPhase section */

/* Begin PBXShellScriptBuildPhase section */
		3050109691D25A19C1666FF6 /* [CP] Check Pods Manifest.lock */ = {
			isa = PBXShellScriptBuildPhase;
			buildActionMask = 2147483647;
			files = (
			);
			inputFileListPaths = (
			);
			inputPaths = (
				"${PODS_PODFILE_DIR_PATH}/Podfile.lock",
				"${PODS_ROOT}/Manifest.lock",
			);
			name = "[CP] Check Pods Manifest.lock";
			outputFileListPaths = (
			);
			outputPaths = (
				"$(DERIVED_FILE_DIR)/Pods-Netflix-checkManifestLockResult.txt",
			);
			runOnlyForDeploymentPostprocessing = 0;
			shellPath = /bin/sh;
			shellScript = "diff \"${PODS_PODFILE_DIR_PATH}/Podfile.lock\" \"${PODS_ROOT}/Manifest.lock\" > /dev/null\nif [ $? != 0 ] ; then\n    # print error to STDERR\n    echo \"error: The sandbox is not in sync with the Podfile.lock. Run 'pod install' or update your CocoaPods installation.\" >&2\n    exit 1\nfi\n# This output is used by Xcode 'outputs' to avoid re-running this script phase.\necho \"SUCCESS\" > \"${SCRIPT_OUTPUT_FILE_0}\"\n";
			showEnvVarsInLog = 0;
		};
		43632CA02C33E76157D5D8F3 /* [CP] Check Pods Manifest.lock */ = {
			isa = PBXShellScriptBuildPhase;
			buildActionMask = 2147483647;
			files = (
			);
			inputFileListPaths = (
			);
			inputPaths = (
				"${PODS_PODFILE_DIR_PATH}/Podfile.lock",
				"${PODS_ROOT}/Manifest.lock",
			);
			name = "[CP] Check Pods Manifest.lock";
			outputFileListPaths = (
			);
			outputPaths = (
				"$(DERIVED_FILE_DIR)/Pods-NetflixTests-checkManifestLockResult.txt",
			);
			runOnlyForDeploymentPostprocessing = 0;
			shellPath = /bin/sh;
			shellScript = "diff \"${PODS_PODFILE_DIR_PATH}/Podfile.lock\" \"${PODS_ROOT}/Manifest.lock\" > /dev/null\nif [ $? != 0 ] ; then\n    # print error to STDERR\n    echo \"error: The sandbox is not in sync with the Podfile.lock. Run 'pod install' or update your CocoaPods installation.\" >&2\n    exit 1\nfi\n# This output is used by Xcode 'outputs' to avoid re-running this script phase.\necho \"SUCCESS\" > \"${SCRIPT_OUTPUT_FILE_0}\"\n";
			showEnvVarsInLog = 0;
		};
		A2C6A5487034A957308ED5F7 /* [CP] Check Pods Manifest.lock */ = {
			isa = PBXShellScriptBuildPhase;
			buildActionMask = 2147483647;
			files = (
			);
			inputFileListPaths = (
			);
			inputPaths = (
				"${PODS_PODFILE_DIR_PATH}/Podfile.lock",
				"${PODS_ROOT}/Manifest.lock",
			);
			name = "[CP] Check Pods Manifest.lock";
			outputFileListPaths = (
			);
			outputPaths = (
				"$(DERIVED_FILE_DIR)/Pods-Netflix-NetflixUITests-checkManifestLockResult.txt",
			);
			runOnlyForDeploymentPostprocessing = 0;
			shellPath = /bin/sh;
			shellScript = "diff \"${PODS_PODFILE_DIR_PATH}/Podfile.lock\" \"${PODS_ROOT}/Manifest.lock\" > /dev/null\nif [ $? != 0 ] ; then\n    # print error to STDERR\n    echo \"error: The sandbox is not in sync with the Podfile.lock. Run 'pod install' or update your CocoaPods installation.\" >&2\n    exit 1\nfi\n# This output is used by Xcode 'outputs' to avoid re-running this script phase.\necho \"SUCCESS\" > \"${SCRIPT_OUTPUT_FILE_0}\"\n";
			showEnvVarsInLog = 0;
		};
		D0E397B47FC2FC2055BF0E14 /* [CP] Embed Pods Frameworks */ = {
			isa = PBXShellScriptBuildPhase;
			buildActionMask = 2147483647;
			files = (
			);
			inputFileListPaths = (
				"${PODS_ROOT}/Target Support Files/Pods-Netflix-NetflixUITests/Pods-Netflix-NetflixUITests-frameworks-${CONFIGURATION}-input-files.xcfilelist",
			);
			name = "[CP] Embed Pods Frameworks";
			outputFileListPaths = (
				"${PODS_ROOT}/Target Support Files/Pods-Netflix-NetflixUITests/Pods-Netflix-NetflixUITests-frameworks-${CONFIGURATION}-output-files.xcfilelist",
			);
			runOnlyForDeploymentPostprocessing = 0;
			shellPath = /bin/sh;
			shellScript = "\"${PODS_ROOT}/Target Support Files/Pods-Netflix-NetflixUITests/Pods-Netflix-NetflixUITests-frameworks.sh\"\n";
			showEnvVarsInLog = 0;
		};
		E0300BC11EDCCEF6358EC26F /* [CP] Embed Pods Frameworks */ = {
			isa = PBXShellScriptBuildPhase;
			buildActionMask = 2147483647;
			files = (
			);
			inputFileListPaths = (
				"${PODS_ROOT}/Target Support Files/Pods-Netflix/Pods-Netflix-frameworks-${CONFIGURATION}-input-files.xcfilelist",
			);
			name = "[CP] Embed Pods Frameworks";
			outputFileListPaths = (
				"${PODS_ROOT}/Target Support Files/Pods-Netflix/Pods-Netflix-frameworks-${CONFIGURATION}-output-files.xcfilelist",
			);
			runOnlyForDeploymentPostprocessing = 0;
			shellPath = /bin/sh;
			shellScript = "\"${PODS_ROOT}/Target Support Files/Pods-Netflix/Pods-Netflix-frameworks.sh\"\n";
			showEnvVarsInLog = 0;
		};
/* End PBXShellScriptBuildPhase section */

/* Begin PBXSourcesBuildPhase section */
		15EAF8B627F1B2030076084F /* Sources */ = {
			isa = PBXSourcesBuildPhase;
			buildActionMask = 2147483647;
			files = (
				153EEE3227F722EA00B31E2B /* TitleTableViewCell.swift in Sources */,
				15EAF8F127F1B3630076084F /* SearchViewController.swift in Sources */,
				15EAF90C27F314200076084F /* TitleCollectionViewCell.swift in Sources */,
				15EAF90227F212080076084F /* MoviesTitle.swift in Sources */,
				15EAF8C227F1B2030076084F /* MainTabBarViewController.swift in Sources */,
				15EAF8FC27F1B8EB0076084F /* CollectionViewTableViewCell.swift in Sources */,
				15EAF90027F20C940076084F /* APICaller.swift in Sources */,
				15EAF8F527F1B3A40076084F /* DownloadsViewController.swift in Sources */,
				15EAF8BE27F1B2030076084F /* AppDelegate.swift in Sources */,
				15EAF90427F2FFA90076084F /* Extensions.swift in Sources */,
				15EAF8FE27F1C0460076084F /* HeroHeaderUIview.swift in Sources */,
				15EAF8F327F1B38A0076084F /* ComingViewController.swift in Sources */,
				1502332727FC35CC00704B91 /* MovieListContract.swift in Sources */,
				15EAF8C027F1B2030076084F /* SceneDelegate.swift in Sources */,
				15EAF8EF27F1B3590076084F /* HomeViewController.swift in Sources */,
				153EEE3427F725F400B31E2B /* TitleViewModel.swift in Sources */,
			);
			runOnlyForDeploymentPostprocessing = 0;
		};
		15EAF8CC27F1B20D0076084F /* Sources */ = {
			isa = PBXSourcesBuildPhase;
			buildActionMask = 2147483647;
			files = (
				15EAF8D527F1B20D0076084F /* NetflixTests.swift in Sources */,
			);
			runOnlyForDeploymentPostprocessing = 0;
		};
		15EAF8D627F1B20D0076084F /* Sources */ = {
			isa = PBXSourcesBuildPhase;
			buildActionMask = 2147483647;
			files = (
				15EAF8DF27F1B20D0076084F /* NetflixUITests.swift in Sources */,
				15EAF8E127F1B20D0076084F /* NetflixUITestsLaunchTests.swift in Sources */,
			);
			runOnlyForDeploymentPostprocessing = 0;
		};
/* End PBXSourcesBuildPhase section */

/* Begin PBXTargetDependency section */
		15EAF8D227F1B20D0076084F /* PBXTargetDependency */ = {
			isa = PBXTargetDependency;
			target = 15EAF8B927F1B2030076084F /* Netflix */;
			targetProxy = 15EAF8D127F1B20D0076084F /* PBXContainerItemProxy */;
		};
		15EAF8DC27F1B20D0076084F /* PBXTargetDependency */ = {
			isa = PBXTargetDependency;
			target = 15EAF8B927F1B2030076084F /* Netflix */;
			targetProxy = 15EAF8DB27F1B20D0076084F /* PBXContainerItemProxy */;
		};
/* End PBXTargetDependency section */

/* Begin PBXVariantGroup section */
		15EAF8C327F1B2030076084F /* Main.storyboard */ = {
			isa = PBXVariantGroup;
			children = (
				15EAF8C427F1B2030076084F /* Base */,
			);
			name = Main.storyboard;
			sourceTree = "<group>";
		};
		15EAF8C827F1B20C0076084F /* LaunchScreen.storyboard */ = {
			isa = PBXVariantGroup;
			children = (
				15EAF8C927F1B20C0076084F /* Base */,
			);
			name = LaunchScreen.storyboard;
			sourceTree = "<group>";
		};
/* End PBXVariantGroup section */

/* Begin XCBuildConfiguration section */
		15EAF8E227F1B20D0076084F /* Debug */ = {
			isa = XCBuildConfiguration;
			buildSettings = {
				ALWAYS_SEARCH_USER_PATHS = NO;
				CLANG_ANALYZER_NONNULL = YES;
				CLANG_ANALYZER_NUMBER_OBJECT_CONVERSION = YES_AGGRESSIVE;
				CLANG_CXX_LANGUAGE_STANDARD = "gnu++17";
				CLANG_ENABLE_MODULES = YES;
				CLANG_ENABLE_OBJC_ARC = YES;
				CLANG_ENABLE_OBJC_WEAK = YES;
				CLANG_WARN_BLOCK_CAPTURE_AUTORELEASING = YES;
				CLANG_WARN_BOOL_CONVERSION = YES;
				CLANG_WARN_COMMA = YES;
				CLANG_WARN_CONSTANT_CONVERSION = YES;
				CLANG_WARN_DEPRECATED_OBJC_IMPLEMENTATIONS = YES;
				CLANG_WARN_DIRECT_OBJC_ISA_USAGE = YES_ERROR;
				CLANG_WARN_DOCUMENTATION_COMMENTS = YES;
				CLANG_WARN_EMPTY_BODY = YES;
				CLANG_WARN_ENUM_CONVERSION = YES;
				CLANG_WARN_INFINITE_RECURSION = YES;
				CLANG_WARN_INT_CONVERSION = YES;
				CLANG_WARN_NON_LITERAL_NULL_CONVERSION = YES;
				CLANG_WARN_OBJC_IMPLICIT_RETAIN_SELF = YES;
				CLANG_WARN_OBJC_LITERAL_CONVERSION = YES;
				CLANG_WARN_OBJC_ROOT_CLASS = YES_ERROR;
				CLANG_WARN_QUOTED_INCLUDE_IN_FRAMEWORK_HEADER = YES;
				CLANG_WARN_RANGE_LOOP_ANALYSIS = YES;
				CLANG_WARN_STRICT_PROTOTYPES = YES;
				CLANG_WARN_SUSPICIOUS_MOVE = YES;
				CLANG_WARN_UNGUARDED_AVAILABILITY = YES_AGGRESSIVE;
				CLANG_WARN_UNREACHABLE_CODE = YES;
				CLANG_WARN__DUPLICATE_METHOD_MATCH = YES;
				COPY_PHASE_STRIP = NO;
				DEBUG_INFORMATION_FORMAT = dwarf;
				ENABLE_STRICT_OBJC_MSGSEND = YES;
				ENABLE_TESTABILITY = YES;
				GCC_C_LANGUAGE_STANDARD = gnu11;
				GCC_DYNAMIC_NO_PIC = NO;
				GCC_NO_COMMON_BLOCKS = YES;
				GCC_OPTIMIZATION_LEVEL = 0;
				GCC_PREPROCESSOR_DEFINITIONS = (
					"DEBUG=1",
					"$(inherited)",
				);
				GCC_WARN_64_TO_32_BIT_CONVERSION = YES;
				GCC_WARN_ABOUT_RETURN_TYPE = YES_ERROR;
				GCC_WARN_UNDECLARED_SELECTOR = YES;
				GCC_WARN_UNINITIALIZED_AUTOS = YES_AGGRESSIVE;
				GCC_WARN_UNUSED_FUNCTION = YES;
				GCC_WARN_UNUSED_VARIABLE = YES;
				IPHONEOS_DEPLOYMENT_TARGET = 15.4;
				MTL_ENABLE_DEBUG_INFO = INCLUDE_SOURCE;
				MTL_FAST_MATH = YES;
				ONLY_ACTIVE_ARCH = YES;
				SDKROOT = iphoneos;
				SWIFT_ACTIVE_COMPILATION_CONDITIONS = DEBUG;
				SWIFT_OPTIMIZATION_LEVEL = "-Onone";
			};
			name = Debug;
		};
		15EAF8E327F1B20D0076084F /* Release */ = {
			isa = XCBuildConfiguration;
			buildSettings = {
				ALWAYS_SEARCH_USER_PATHS = NO;
				CLANG_ANALYZER_NONNULL = YES;
				CLANG_ANALYZER_NUMBER_OBJECT_CONVERSION = YES_AGGRESSIVE;
				CLANG_CXX_LANGUAGE_STANDARD = "gnu++17";
				CLANG_ENABLE_MODULES = YES;
				CLANG_ENABLE_OBJC_ARC = YES;
				CLANG_ENABLE_OBJC_WEAK = YES;
				CLANG_WARN_BLOCK_CAPTURE_AUTORELEASING = YES;
				CLANG_WARN_BOOL_CONVERSION = YES;
				CLANG_WARN_COMMA = YES;
				CLANG_WARN_CONSTANT_CONVERSION = YES;
				CLANG_WARN_DEPRECATED_OBJC_IMPLEMENTATIONS = YES;
				CLANG_WARN_DIRECT_OBJC_ISA_USAGE = YES_ERROR;
				CLANG_WARN_DOCUMENTATION_COMMENTS = YES;
				CLANG_WARN_EMPTY_BODY = YES;
				CLANG_WARN_ENUM_CONVERSION = YES;
				CLANG_WARN_INFINITE_RECURSION = YES;
				CLANG_WARN_INT_CONVERSION = YES;
				CLANG_WARN_NON_LITERAL_NULL_CONVERSION = YES;
				CLANG_WARN_OBJC_IMPLICIT_RETAIN_SELF = YES;
				CLANG_WARN_OBJC_LITERAL_CONVERSION = YES;
				CLANG_WARN_OBJC_ROOT_CLASS = YES_ERROR;
				CLANG_WARN_QUOTED_INCLUDE_IN_FRAMEWORK_HEADER = YES;
				CLANG_WARN_RANGE_LOOP_ANALYSIS = YES;
				CLANG_WARN_STRICT_PROTOTYPES = YES;
				CLANG_WARN_SUSPICIOUS_MOVE = YES;
				CLANG_WARN_UNGUARDED_AVAILABILITY = YES_AGGRESSIVE;
				CLANG_WARN_UNREACHABLE_CODE = YES;
				CLANG_WARN__DUPLICATE_METHOD_MATCH = YES;
				COPY_PHASE_STRIP = NO;
				DEBUG_INFORMATION_FORMAT = "dwarf-with-dsym";
				ENABLE_NS_ASSERTIONS = NO;
				ENABLE_STRICT_OBJC_MSGSEND = YES;
				GCC_C_LANGUAGE_STANDARD = gnu11;
				GCC_NO_COMMON_BLOCKS = YES;
				GCC_WARN_64_TO_32_BIT_CONVERSION = YES;
				GCC_WARN_ABOUT_RETURN_TYPE = YES_ERROR;
				GCC_WARN_UNDECLARED_SELECTOR = YES;
				GCC_WARN_UNINITIALIZED_AUTOS = YES_AGGRESSIVE;
				GCC_WARN_UNUSED_FUNCTION = YES;
				GCC_WARN_UNUSED_VARIABLE = YES;
				IPHONEOS_DEPLOYMENT_TARGET = 15.4;
				MTL_ENABLE_DEBUG_INFO = NO;
				MTL_FAST_MATH = YES;
				SDKROOT = iphoneos;
				SWIFT_COMPILATION_MODE = wholemodule;
				SWIFT_OPTIMIZATION_LEVEL = "-O";
				VALIDATE_PRODUCT = YES;
			};
			name = Release;
		};
		15EAF8E527F1B20D0076084F /* Debug */ = {
			isa = XCBuildConfiguration;
			baseConfigurationReference = 18653C80A6E717140BB78D7D /* Pods-Netflix.debug.xcconfig */;
			buildSettings = {
				ASSETCATALOG_COMPILER_APPICON_NAME = AppIcon;
				ASSETCATALOG_COMPILER_GLOBAL_ACCENT_COLOR_NAME = AccentColor;
				CODE_SIGN_STYLE = Automatic;
				CURRENT_PROJECT_VERSION = 1;
				DEVELOPMENT_TEAM = 32QZH4J5KJ;
				GENERATE_INFOPLIST_FILE = YES;
				INFOPLIST_FILE = Netflix/Info.plist;
				INFOPLIST_KEY_UIApplicationSupportsIndirectInputEvents = YES;
				INFOPLIST_KEY_UILaunchStoryboardName = LaunchScreen;
				INFOPLIST_KEY_UISupportedInterfaceOrientations_iPad = "UIInterfaceOrientationPortrait UIInterfaceOrientationPortraitUpsideDown UIInterfaceOrientationLandscapeLeft UIInterfaceOrientationLandscapeRight";
				INFOPLIST_KEY_UISupportedInterfaceOrientations_iPhone = "UIInterfaceOrientationPortrait UIInterfaceOrientationLandscapeLeft UIInterfaceOrientationLandscapeRight";
				LD_RUNPATH_SEARCH_PATHS = (
					"$(inherited)",
					"@executable_path/Frameworks",
				);
				MARKETING_VERSION = 1.0;
				PRODUCT_BUNDLE_IDENTIFIER = ibra.az.Netflix;
				PRODUCT_NAME = "$(TARGET_NAME)";
				SWIFT_EMIT_LOC_STRINGS = YES;
				SWIFT_VERSION = 5.0;
				TARGETED_DEVICE_FAMILY = "1,2";
			};
			name = Debug;
		};
		15EAF8E627F1B20D0076084F /* Release */ = {
			isa = XCBuildConfiguration;
			baseConfigurationReference = 1CB997DC058314151E7D8037 /* Pods-Netflix.release.xcconfig */;
			buildSettings = {
				ASSETCATALOG_COMPILER_APPICON_NAME = AppIcon;
				ASSETCATALOG_COMPILER_GLOBAL_ACCENT_COLOR_NAME = AccentColor;
				CODE_SIGN_STYLE = Automatic;
				CURRENT_PROJECT_VERSION = 1;
				DEVELOPMENT_TEAM = 32QZH4J5KJ;
				GENERATE_INFOPLIST_FILE = YES;
				INFOPLIST_FILE = Netflix/Info.plist;
				INFOPLIST_KEY_UIApplicationSupportsIndirectInputEvents = YES;
				INFOPLIST_KEY_UILaunchStoryboardName = LaunchScreen;
				INFOPLIST_KEY_UISupportedInterfaceOrientations_iPad = "UIInterfaceOrientationPortrait UIInterfaceOrientationPortraitUpsideDown UIInterfaceOrientationLandscapeLeft UIInterfaceOrientationLandscapeRight";
				INFOPLIST_KEY_UISupportedInterfaceOrientations_iPhone = "UIInterfaceOrientationPortrait UIInterfaceOrientationLandscapeLeft UIInterfaceOrientationLandscapeRight";
				LD_RUNPATH_SEARCH_PATHS = (
					"$(inherited)",
					"@executable_path/Frameworks",
				);
				MARKETING_VERSION = 1.0;
				PRODUCT_BUNDLE_IDENTIFIER = ibra.az.Netflix;
				PRODUCT_NAME = "$(TARGET_NAME)";
				SWIFT_EMIT_LOC_STRINGS = YES;
				SWIFT_VERSION = 5.0;
				TARGETED_DEVICE_FAMILY = "1,2";
			};
			name = Release;
		};
		15EAF8E827F1B20D0076084F /* Debug */ = {
			isa = XCBuildConfiguration;
			baseConfigurationReference = E4F9DD97DB9E71DE201E92C2 /* Pods-NetflixTests.debug.xcconfig */;
			buildSettings = {
				ALWAYS_EMBED_SWIFT_STANDARD_LIBRARIES = YES;
				BUNDLE_LOADER = "$(TEST_HOST)";
				CODE_SIGN_STYLE = Automatic;
				CURRENT_PROJECT_VERSION = 1;
				DEVELOPMENT_TEAM = 32QZH4J5KJ;
				GENERATE_INFOPLIST_FILE = YES;
				IPHONEOS_DEPLOYMENT_TARGET = 15.4;
				MARKETING_VERSION = 1.0;
				PRODUCT_BUNDLE_IDENTIFIER = ibra.az.NetflixTests;
				PRODUCT_NAME = "$(TARGET_NAME)";
				SWIFT_EMIT_LOC_STRINGS = NO;
				SWIFT_VERSION = 5.0;
				TARGETED_DEVICE_FAMILY = "1,2";
				TEST_HOST = "$(BUILT_PRODUCTS_DIR)/Netflix.app/Netflix";
			};
			name = Debug;
		};
		15EAF8E927F1B20D0076084F /* Release */ = {
			isa = XCBuildConfiguration;
			baseConfigurationReference = 4968C5908A6E003AB740DA6B /* Pods-NetflixTests.release.xcconfig */;
			buildSettings = {
				ALWAYS_EMBED_SWIFT_STANDARD_LIBRARIES = YES;
				BUNDLE_LOADER = "$(TEST_HOST)";
				CODE_SIGN_STYLE = Automatic;
				CURRENT_PROJECT_VERSION = 1;
				DEVELOPMENT_TEAM = 32QZH4J5KJ;
				GENERATE_INFOPLIST_FILE = YES;
				IPHONEOS_DEPLOYMENT_TARGET = 15.4;
				MARKETING_VERSION = 1.0;
				PRODUCT_BUNDLE_IDENTIFIER = ibra.az.NetflixTests;
				PRODUCT_NAME = "$(TARGET_NAME)";
				SWIFT_EMIT_LOC_STRINGS = NO;
				SWIFT_VERSION = 5.0;
				TARGETED_DEVICE_FAMILY = "1,2";
				TEST_HOST = "$(BUILT_PRODUCTS_DIR)/Netflix.app/Netflix";
			};
			name = Release;
		};
		15EAF8EB27F1B20D0076084F /* Debug */ = {
			isa = XCBuildConfiguration;
			baseConfigurationReference = 34BBCD92F9024A4C8707CFF1 /* Pods-Netflix-NetflixUITests.debug.xcconfig */;
			buildSettings = {
				ALWAYS_EMBED_SWIFT_STANDARD_LIBRARIES = YES;
				CODE_SIGN_STYLE = Automatic;
				CURRENT_PROJECT_VERSION = 1;
				DEVELOPMENT_TEAM = 32QZH4J5KJ;
				GENERATE_INFOPLIST_FILE = YES;
				MARKETING_VERSION = 1.0;
				PRODUCT_BUNDLE_IDENTIFIER = ibra.az.NetflixUITests;
				PRODUCT_NAME = "$(TARGET_NAME)";
				SWIFT_EMIT_LOC_STRINGS = NO;
				SWIFT_VERSION = 5.0;
				TARGETED_DEVICE_FAMILY = "1,2";
				TEST_TARGET_NAME = Netflix;
			};
			name = Debug;
		};
		15EAF8EC27F1B20D0076084F /* Release */ = {
			isa = XCBuildConfiguration;
			baseConfigurationReference = AB4C6C8C3EEE785BD6821175 /* Pods-Netflix-NetflixUITests.release.xcconfig */;
			buildSettings = {
				ALWAYS_EMBED_SWIFT_STANDARD_LIBRARIES = YES;
				CODE_SIGN_STYLE = Automatic;
				CURRENT_PROJECT_VERSION = 1;
				DEVELOPMENT_TEAM = 32QZH4J5KJ;
				GENERATE_INFOPLIST_FILE = YES;
				MARKETING_VERSION = 1.0;
				PRODUCT_BUNDLE_IDENTIFIER = ibra.az.NetflixUITests;
				PRODUCT_NAME = "$(TARGET_NAME)";
				SWIFT_EMIT_LOC_STRINGS = NO;
				SWIFT_VERSION = 5.0;
				TARGETED_DEVICE_FAMILY = "1,2";
				TEST_TARGET_NAME = Netflix;
			};
			name = Release;
		};
/* End XCBuildConfiguration section */

/* Begin XCConfigurationList section */
		15EAF8B527F1B2030076084F /* Build configuration list for PBXProject "Netflix" */ = {
			isa = XCConfigurationList;
			buildConfigurations = (
				15EAF8E227F1B20D0076084F /* Debug */,
				15EAF8E327F1B20D0076084F /* Release */,
			);
			defaultConfigurationIsVisible = 0;
			defaultConfigurationName = Release;
		};
		15EAF8E427F1B20D0076084F /* Build configuration list for PBXNativeTarget "Netflix" */ = {
			isa = XCConfigurationList;
			buildConfigurations = (
				15EAF8E527F1B20D0076084F /* Debug */,
				15EAF8E627F1B20D0076084F /* Release */,
			);
			defaultConfigurationIsVisible = 0;
			defaultConfigurationName = Release;
		};
		15EAF8E727F1B20D0076084F /* Build configuration list for PBXNativeTarget "NetflixTests" */ = {
			isa = XCConfigurationList;
			buildConfigurations = (
				15EAF8E827F1B20D0076084F /* Debug */,
				15EAF8E927F1B20D0076084F /* Release */,
			);
			defaultConfigurationIsVisible = 0;
			defaultConfigurationName = Release;
		};
		15EAF8EA27F1B20D0076084F /* Build configuration list for PBXNativeTarget "NetflixUITests" */ = {
			isa = XCConfigurationList;
			buildConfigurations = (
				15EAF8EB27F1B20D0076084F /* Debug */,
				15EAF8EC27F1B20D0076084F /* Release */,
			);
			defaultConfigurationIsVisible = 0;
			defaultConfigurationName = Release;
		};
/* End XCConfigurationList section */
	};
	rootObject = 15EAF8B227F1B2030076084F /* Project object */;
}
